
Microsoft Visual Studio Solution File, Format Version 12.00
# Visual Studio 15
VisualStudioVersion = 15.0.28307.1300
MinimumVisualStudioVersion = 10.0.40219.1
Project("{8BC9CEB8-8B4A-11D0-8D11-00A0C91BC942}") = "Hair simulation", "Hair simulation\Hair simulation.vcxproj", "{F9206D47-246D-4FDB-8EA2-A84F3A80CB50}"
EndProject
Project("{8BC9CEB8-8B4A-11D0-8D11-00A0C91BC942}") = "Hair simulation(GPU)", "Hair simulation(GPU)\Hair simulation(GPU).vcxproj", "{E66BE584-5771-4902-9F1C-254A208D0C8D}"
EndProject
Project("{8BC9CEB8-8B4A-11D0-8D11-00A0C91BC942}") = "nanogui", "Hair simulation(GPU)\nanogui.vcxproj", "{BF18496E-5926-3247-8635-BD429242AA15}"
EndProject
Project("{8BC9CEB8-8B4A-11D0-8D11-00A0C91BC942}") = "nanogui-obj", "Hair simulation(GPU)\nanogui-obj.vcxproj", "{CD9E90B5-8C77-3AEB-B172-4580B5B45EE9}"
EndProject
Project("{8BC9CEB8-8B4A-11D0-8D11-00A0C91BC942}") = "glfw_objects", "Hair simulation(GPU)\ext_build\glfw\src\glfw_objects.vcxproj", "{58A0DF59-82B8-36E9-B32D-C6024832F2C0}"
EndProject
Global
	GlobalSection(SolutionConfigurationPlatforms) = preSolution
		Debug|Win32 = Debug|Win32
		Debug|x64 = Debug|x64
		Debug|x86 = Debug|x86
		MinSizeRel|Win32 = MinSizeRel|Win32
		MinSizeRel|x64 = MinSizeRel|x64
		MinSizeRel|x86 = MinSizeRel|x86
		Release|Win32 = Release|Win32
		Release|x64 = Release|x64
		Release|x86 = Release|x86
		RelWithDebInfo|Win32 = RelWithDebInfo|Win32
		RelWithDebInfo|x64 = RelWithDebInfo|x64
		RelWithDebInfo|x86 = RelWithDebInfo|x86
	EndGlobalSection
	GlobalSection(ProjectConfigurationPlatforms) = postSolution
		{F9206D47-246D-4FDB-8EA2-A84F3A80CB50}.Debug|Win32.ActiveCfg = Debug|Win32
		{F9206D47-246D-4FDB-8EA2-A84F3A80CB50}.Debug|Win32.Build.0 = Debug|Win32
		{F9206D47-246D-4FDB-8EA2-A84F3A80CB50}.Debug|x64.ActiveCfg = Debug|x64
		{F9206D47-246D-4FDB-8EA2-A84F3A80CB50}.Debug|x64.Build.0 = Debug|x64
		{F9206D47-246D-4FDB-8EA2-A84F3A80CB50}.Debug|x86.ActiveCfg = Debug|Win32
		{F9206D47-246D-4FDB-8EA2-A84F3A80CB50}.Debug|x86.Build.0 = Debug|Win32
		{F9206D47-246D-4FDB-8EA2-A84F3A80CB50}.MinSizeRel|Win32.ActiveCfg = Release|Win32
		{F9206D47-246D-4FDB-8EA2-A84F3A80CB50}.MinSizeRel|x64.ActiveCfg = Release|x64
		{F9206D47-246D-4FDB-8EA2-A84F3A80CB50}.MinSizeRel|x86.ActiveCfg = Release|Win32
		{F9206D47-246D-4FDB-8EA2-A84F3A80CB50}.Release|Win32.ActiveCfg = Release|Win32
		{F9206D47-246D-4FDB-8EA2-A84F3A80CB50}.Release|Win32.Build.0 = Release|Win32
		{F9206D47-246D-4FDB-8EA2-A84F3A80CB50}.Release|x64.ActiveCfg = Release|x64
		{F9206D47-246D-4FDB-8EA2-A84F3A80CB50}.Release|x64.Build.0 = Release|x64
		{F9206D47-246D-4FDB-8EA2-A84F3A80CB50}.Release|x86.ActiveCfg = Release|Win32
		{F9206D47-246D-4FDB-8EA2-A84F3A80CB50}.Release|x86.Build.0 = Release|Win32
		{F9206D47-246D-4FDB-8EA2-A84F3A80CB50}.RelWithDebInfo|Win32.ActiveCfg = Release|Win32
		{F9206D47-246D-4FDB-8EA2-A84F3A80CB50}.RelWithDebInfo|x64.ActiveCfg = Release|x64
		{F9206D47-246D-4FDB-8EA2-A84F3A80CB50}.RelWithDebInfo|x86.ActiveCfg = Release|Win32
		{E66BE584-5771-4902-9F1C-254A208D0C8D}.Debug|Win32.ActiveCfg = Debug|x64
		{E66BE584-5771-4902-9F1C-254A208D0C8D}.Debug|x64.ActiveCfg = Debug|x64
		{E66BE584-5771-4902-9F1C-254A208D0C8D}.Debug|x64.Build.0 = Debug|x64
		{E66BE584-5771-4902-9F1C-254A208D0C8D}.Debug|x86.ActiveCfg = Debug|x64
		{E66BE584-5771-4902-9F1C-254A208D0C8D}.MinSizeRel|Win32.ActiveCfg = Release|x64
		{E66BE584-5771-4902-9F1C-254A208D0C8D}.MinSizeRel|Win32.Build.0 = Release|x64
		{E66BE584-5771-4902-9F1C-254A208D0C8D}.MinSizeRel|x64.ActiveCfg = Release|x64
		{E66BE584-5771-4902-9F1C-254A208D0C8D}.MinSizeRel|x64.Build.0 = Release|x64
		{E66BE584-5771-4902-9F1C-254A208D0C8D}.MinSizeRel|x86.ActiveCfg = Release|x64
		{E66BE584-5771-4902-9F1C-254A208D0C8D}.MinSizeRel|x86.Build.0 = Release|x64
		{E66BE584-5771-4902-9F1C-254A208D0C8D}.Release|Win32.ActiveCfg = Release|x64
		{E66BE584-5771-4902-9F1C-254A208D0C8D}.Release|x64.ActiveCfg = Release|x64
		{E66BE584-5771-4902-9F1C-254A208D0C8D}.Release|x64.Build.0 = Release|x64
		{E66BE584-5771-4902-9F1C-254A208D0C8D}.Release|x86.ActiveCfg = Release|x64
		{E66BE584-5771-4902-9F1C-254A208D0C8D}.RelWithDebInfo|Win32.ActiveCfg = Release|x64
		{E66BE584-5771-4902-9F1C-254A208D0C8D}.RelWithDebInfo|Win32.Build.0 = Release|x64
		{E66BE584-5771-4902-9F1C-254A208D0C8D}.RelWithDebInfo|x64.ActiveCfg = Release|x64
		{E66BE584-5771-4902-9F1C-254A208D0C8D}.RelWithDebInfo|x64.Build.0 = Release|x64
		{E66BE584-5771-4902-9F1C-254A208D0C8D}.RelWithDebInfo|x86.ActiveCfg = Release|x64
		{E66BE584-5771-4902-9F1C-254A208D0C8D}.RelWithDebInfo|x86.Build.0 = Release|x64
		{BF18496E-5926-3247-8635-BD429242AA15}.Debug|Win32.ActiveCfg = Debug|x64
		{BF18496E-5926-3247-8635-BD429242AA15}.Debug|x64.ActiveCfg = Debug|x64
		{BF18496E-5926-3247-8635-BD429242AA15}.Debug|x64.Build.0 = Debug|x64
		{BF18496E-5926-3247-8635-BD429242AA15}.Debug|x86.ActiveCfg = Debug|x64
		{BF18496E-5926-3247-8635-BD429242AA15}.MinSizeRel|Win32.ActiveCfg = MinSizeRel|x64
		{BF18496E-5926-3247-8635-BD429242AA15}.MinSizeRel|x64.ActiveCfg = MinSizeRel|x64
		{BF18496E-5926-3247-8635-BD429242AA15}.MinSizeRel|x64.Build.0 = MinSizeRel|x64
		{BF18496E-5926-3247-8635-BD429242AA15}.MinSizeRel|x86.ActiveCfg = MinSizeRel|x64
		{BF18496E-5926-3247-8635-BD429242AA15}.Release|Win32.ActiveCfg = Release|x64
		{BF18496E-5926-3247-8635-BD429242AA15}.Release|x64.ActiveCfg = Release|x64
		{BF18496E-5926-3247-8635-BD429242AA15}.Release|x64.Build.0 = Release|x64
		{BF18496E-5926-3247-8635-BD429242AA15}.Release|x86.ActiveCfg = Release|x64
		{BF18496E-5926-3247-8635-BD429242AA15}.RelWithDebInfo|Win32.ActiveCfg = RelWithDebInfo|x64
		{BF18496E-5926-3247-8635-BD429242AA15}.RelWithDebInfo|x64.ActiveCfg = RelWithDebInfo|x64
		{BF18496E-5926-3247-8635-BD429242AA15}.RelWithDebInfo|x64.Build.0 = RelWithDebInfo|x64
		{BF18496E-5926-3247-8635-BD429242AA15}.RelWithDebInfo|x86.ActiveCfg = RelWithDebInfo|x64
		{CD9E90B5-8C77-3AEB-B172-4580B5B45EE9}.Debug|Win32.ActiveCfg = Debug|x64
		{CD9E90B5-8C77-3AEB-B172-4580B5B45EE9}.Debug|x64.ActiveCfg = Debug|x64
		{CD9E90B5-8C77-3AEB-B172-4580B5B45EE9}.Debug|x64.Build.0 = Debug|x64
		{CD9E90B5-8C77-3AEB-B172-4580B5B45EE9}.Debug|x86.ActiveCfg = Debug|x64
		{CD9E90B5-8C77-3AEB-B172-4580B5B45EE9}.MinSizeRel|Win32.ActiveCfg = MinSizeRel|x64
		{CD9E90B5-8C77-3AEB-B172-4580B5B45EE9}.MinSizeRel|x64.ActiveCfg = MinSizeRel|x64
		{CD9E90B5-8C77-3AEB-B172-4580B5B45EE9}.MinSizeRel|x64.Build.0 = MinSizeRel|x64
		{CD9E90B5-8C77-3AEB-B172-4580B5B45EE9}.MinSizeRel|x86.ActiveCfg = MinSizeRel|x64
		{CD9E90B5-8C77-3AEB-B172-4580B5B45EE9}.Release|Win32.ActiveCfg = Release|x64
		{CD9E90B5-8C77-3AEB-B172-4580B5B45EE9}.Release|x64.ActiveCfg = Release|x64
		{CD9E90B5-8C77-3AEB-B172-4580B5B45EE9}.Release|x64.Build.0 = Release|x64
		{CD9E90B5-8C77-3AEB-B172-4580B5B45EE9}.Release|x86.ActiveCfg = Release|x64
		{CD9E90B5-8C77-3AEB-B172-4580B5B45EE9}.RelWithDebInfo|Win32.ActiveCfg = RelWithDebInfo|x64
		{CD9E90B5-8C77-3AEB-B172-4580B5B45EE9}.RelWithDebInfo|x64.ActiveCfg = RelWithDebInfo|x64
		{CD9E90B5-8C77-3AEB-B172-4580B5B45EE9}.RelWithDebInfo|x64.Build.0 = RelWithDebInfo|x64
		{CD9E90B5-8C77-3AEB-B172-4580B5B45EE9}.RelWithDebInfo|x86.ActiveCfg = RelWithDebInfo|x64
		{58A0DF59-82B8-36E9-B32D-C6024832F2C0}.Debug|Win32.ActiveCfg = Debug|x64
		{58A0DF59-82B8-36E9-B32D-C6024832F2C0}.Debug|x64.ActiveCfg = Debug|x64
		{58A0DF59-82B8-36E9-B32D-C6024832F2C0}.Debug|x64.Build.0 = Debug|x64
		{58A0DF59-82B8-36E9-B32D-C6024832F2C0}.Debug|x86.ActiveCfg = Debug|x64
		{58A0DF59-82B8-36E9-B32D-C6024832F2C0}.MinSizeRel|Win32.ActiveCfg = MinSizeRel|x64
		{58A0DF59-82B8-36E9-B32D-C6024832F2C0}.MinSizeRel|x64.ActiveCfg = MinSizeRel|x64
		{58A0DF59-82B8-36E9-B32D-C6024832F2C0}.MinSizeRel|x64.Build.0 = MinSizeRel|x64
		{58A0DF59-82B8-36E9-B32D-C6024832F2C0}.MinSizeRel|x86.ActiveCfg = MinSizeRel|x64
		{58A0DF59-82B8-36E9-B32D-C6024832F2C0}.Release|Win32.ActiveCfg = Release|x64
		{58A0DF59-82B8-36E9-B32D-C6024832F2C0}.Release|x64.ActiveCfg = Release|x64
		{58A0DF59-82B8-36E9-B32D-C6024832F2C0}.Release|x64.Build.0 = Release|x64
		{58A0DF59-82B8-36E9-B32D-C6024832F2C0}.Release|x86.ActiveCfg = Release|x64
		{58A0DF59-82B8-36E9-B32D-C6024832F2C0}.RelWithDebInfo|Win32.ActiveCfg = RelWithDebInfo|x64
		{58A0DF59-82B8-36E9-B32D-C6024832F2C0}.RelWithDebInfo|x64.ActiveCfg = RelWithDebInfo|x64
		{58A0DF59-82B8-36E9-B32D-C6024832F2C0}.RelWithDebInfo|x64.Build.0 = RelWithDebInfo|x64
		{58A0DF59-82B8-36E9-B32D-C6024832F2C0}.RelWithDebInfo|x86.ActiveCfg = RelWithDebInfo|x64
	EndGlobalSection
	GlobalSection(SolutionProperties) = preSolution
		HideSolutionNode = FALSE
	EndGlobalSection
	GlobalSection(ExtensibilityGlobals) = postSolution
		SolutionGuid = {A10D7077-0134-4E2C-814A-5B559A96A205}
	EndGlobalSection
EndGlobal
