<?xml version="1.0" encoding="utf-8"?>
<Project ToolsVersion="15.0" xmlns="http://schemas.microsoft.com/developer/msbuild/2003">
  <ItemGroup>
    <ClCompile Include="C:\Users\wkdgn\Desktop\Study\Projects\Artistic Simulation Of Curly Hair\Hair simulation\Hair simulation(GPU)\src\example1.cpp">
      <Filter>Source Files</Filter>
    </ClCompile>
  </ItemGroup>
  <ItemGroup>
    <CustomBuild Include="C:\Users\wkdgn\Desktop\Study\Projects\Artistic Simulation Of Curly Hair\Hair simulation\Hair simulation(GPU)\CMakeLists.txt" />
  </ItemGroup>
  <ItemGroup>
    <Filter Include="Source Files">
      <UniqueIdentifier>{C955F15F-2AE4-3189-88B5-8D9A34AA238D}</UniqueIdentifier>
    </Filter>
  </ItemGroup>
</Project>
