
Microsoft Visual Studio Solution File, Format Version 12.00
# Visual Studio 15
Project("{2150E333-8FDC-42A3-9474-1A3956D46DE8}") = "CMakePredefinedTargets", "CMakePredefinedTargets", "{4D281DDA-CF79-3336-8387-E60000FB4173}"
EndProject
Project("{8BC9CEB8-8B4A-11D0-8D11-00A0C91BC942}") = "ALL_BUILD", "ALL_BUILD.vcxproj", "{33156A2C-CFA8-36FD-8A1F-07F69A8A5ACA}"
	ProjectSection(ProjectDependencies) = postProject
		{503E27E2-A1F8-39B6-A381-DCC2C3146B0D} = {503E27E2-A1F8-39B6-A381-DCC2C3146B0D}
		{4A0009C8-DDEB-3B23-9A80-D5D308027FB6} = {4A0009C8-DDEB-3B23-9A80-D5D308027FB6}
		{57189A26-6358-3CE7-B821-F6BC630F006D} = {57189A26-6358-3CE7-B821-F6BC630F006D}
		{A9088AFE-35C9-33B6-9CD5-645682AC7450} = {A9088AFE-35C9-33B6-9CD5-645682AC7450}
		{F0D6F96B-85D9-3693-93D8-79580C65BD7B} = {F0D6F96B-85D9-3693-93D8-79580C65BD7B}
		{3A257486-2245-363E-97F6-75FC34987882} = {3A257486-2245-363E-97F6-75FC34987882}
		{58A0DF59-82B8-36E9-B32D-C6024832F2C0} = {58A0DF59-82B8-36E9-B32D-C6024832F2C0}
		{BF18496E-5926-3247-8635-BD429242AA15} = {BF18496E-5926-3247-8635-BD429242AA15}
		{CD9E90B5-8C77-3AEB-B172-4580B5B45EE9} = {CD9E90B5-8C77-3AEB-B172-4580B5B45EE9}
	EndProjectSection
EndProject
Project("{8BC9CEB8-8B4A-11D0-8D11-00A0C91BC942}") = "INSTALL", "INSTALL.vcxproj", "{C76E50BA-9BAC-335B-8EFB-67DE20118A22}"
	ProjectSection(ProjectDependencies) = postProject
		{33156A2C-CFA8-36FD-8A1F-07F69A8A5ACA} = {33156A2C-CFA8-36FD-8A1F-07F69A8A5ACA}
		{503E27E2-A1F8-39B6-A381-DCC2C3146B0D} = {503E27E2-A1F8-39B6-A381-DCC2C3146B0D}
	EndProjectSection
EndProject
Project("{8BC9CEB8-8B4A-11D0-8D11-00A0C91BC942}") = "ZERO_CHECK", "ZERO_CHECK.vcxproj", "{503E27E2-A1F8-39B6-A381-DCC2C3146B0D}"
	ProjectSection(ProjectDependencies) = postProject
	EndProjectSection
EndProject
Project("{8BC9CEB8-8B4A-11D0-8D11-00A0C91BC942}") = "example1", "example1.vcxproj", "{4A0009C8-DDEB-3B23-9A80-D5D308027FB6}"
	ProjectSection(ProjectDependencies) = postProject
		{503E27E2-A1F8-39B6-A381-DCC2C3146B0D} = {503E27E2-A1F8-39B6-A381-DCC2C3146B0D}
		{BF18496E-5926-3247-8635-BD429242AA15} = {BF18496E-5926-3247-8635-BD429242AA15}
	EndProjectSection
EndProject
Project("{8BC9CEB8-8B4A-11D0-8D11-00A0C91BC942}") = "example2", "example2.vcxproj", "{57189A26-6358-3CE7-B821-F6BC630F006D}"
	ProjectSection(ProjectDependencies) = postProject
		{503E27E2-A1F8-39B6-A381-DCC2C3146B0D} = {503E27E2-A1F8-39B6-A381-DCC2C3146B0D}
		{BF18496E-5926-3247-8635-BD429242AA15} = {BF18496E-5926-3247-8635-BD429242AA15}
	EndProjectSection
EndProject
Project("{8BC9CEB8-8B4A-11D0-8D11-00A0C91BC942}") = "example3", "example3.vcxproj", "{A9088AFE-35C9-33B6-9CD5-645682AC7450}"
	ProjectSection(ProjectDependencies) = postProject
		{503E27E2-A1F8-39B6-A381-DCC2C3146B0D} = {503E27E2-A1F8-39B6-A381-DCC2C3146B0D}
		{BF18496E-5926-3247-8635-BD429242AA15} = {BF18496E-5926-3247-8635-BD429242AA15}
	EndProjectSection
EndProject
Project("{8BC9CEB8-8B4A-11D0-8D11-00A0C91BC942}") = "example4", "example4.vcxproj", "{F0D6F96B-85D9-3693-93D8-79580C65BD7B}"
	ProjectSection(ProjectDependencies) = postProject
		{503E27E2-A1F8-39B6-A381-DCC2C3146B0D} = {503E27E2-A1F8-39B6-A381-DCC2C3146B0D}
		{BF18496E-5926-3247-8635-BD429242AA15} = {BF18496E-5926-3247-8635-BD429242AA15}
	EndProjectSection
EndProject
Project("{8BC9CEB8-8B4A-11D0-8D11-00A0C91BC942}") = "example_icons", "example_icons.vcxproj", "{3A257486-2245-363E-97F6-75FC34987882}"
	ProjectSection(ProjectDependencies) = postProject
		{503E27E2-A1F8-39B6-A381-DCC2C3146B0D} = {503E27E2-A1F8-39B6-A381-DCC2C3146B0D}
		{BF18496E-5926-3247-8635-BD429242AA15} = {BF18496E-5926-3247-8635-BD429242AA15}
	EndProjectSection
EndProject
Project("{8BC9CEB8-8B4A-11D0-8D11-00A0C91BC942}") = "glfw", "ext_build\glfw\src\glfw.vcxproj", "{A94900E0-8250-3B0B-889A-FBACFC06E2E5}"
	ProjectSection(ProjectDependencies) = postProject
		{503E27E2-A1F8-39B6-A381-DCC2C3146B0D} = {503E27E2-A1F8-39B6-A381-DCC2C3146B0D}
		{58A0DF59-82B8-36E9-B32D-C6024832F2C0} = {58A0DF59-82B8-36E9-B32D-C6024832F2C0}
	EndProjectSection
EndProject
Project("{8BC9CEB8-8B4A-11D0-8D11-00A0C91BC942}") = "glfw_objects", "ext_build\glfw\src\glfw_objects.vcxproj", "{58A0DF59-82B8-36E9-B32D-C6024832F2C0}"
	ProjectSection(ProjectDependencies) = postProject
		{503E27E2-A1F8-39B6-A381-DCC2C3146B0D} = {503E27E2-A1F8-39B6-A381-DCC2C3146B0D}
	EndProjectSection
EndProject
Project("{8BC9CEB8-8B4A-11D0-8D11-00A0C91BC942}") = "mkdoc", "mkdoc.vcxproj", "{38FEEDE6-F230-343D-87C6-48FEC3A9B1F3}"
	ProjectSection(ProjectDependencies) = postProject
		{503E27E2-A1F8-39B6-A381-DCC2C3146B0D} = {503E27E2-A1F8-39B6-A381-DCC2C3146B0D}
	EndProjectSection
EndProject
Project("{8BC9CEB8-8B4A-11D0-8D11-00A0C91BC942}") = "nanogui", "nanogui.vcxproj", "{BF18496E-5926-3247-8635-BD429242AA15}"
	ProjectSection(ProjectDependencies) = postProject
		{503E27E2-A1F8-39B6-A381-DCC2C3146B0D} = {503E27E2-A1F8-39B6-A381-DCC2C3146B0D}
		{58A0DF59-82B8-36E9-B32D-C6024832F2C0} = {58A0DF59-82B8-36E9-B32D-C6024832F2C0}
		{CD9E90B5-8C77-3AEB-B172-4580B5B45EE9} = {CD9E90B5-8C77-3AEB-B172-4580B5B45EE9}
	EndProjectSection
EndProject
Project("{8BC9CEB8-8B4A-11D0-8D11-00A0C91BC942}") = "nanogui-obj", "nanogui-obj.vcxproj", "{CD9E90B5-8C77-3AEB-B172-4580B5B45EE9}"
	ProjectSection(ProjectDependencies) = postProject
		{503E27E2-A1F8-39B6-A381-DCC2C3146B0D} = {503E27E2-A1F8-39B6-A381-DCC2C3146B0D}
	EndProjectSection
EndProject
Global
	GlobalSection(SolutionConfigurationPlatforms) = preSolution
		Debug|x64 = Debug|x64
		Release|x64 = Release|x64
		MinSizeRel|x64 = MinSizeRel|x64
		RelWithDebInfo|x64 = RelWithDebInfo|x64
	EndGlobalSection
	GlobalSection(ProjectConfigurationPlatforms) = postSolution
		{33156A2C-CFA8-36FD-8A1F-07F69A8A5ACA}.Debug|x64.ActiveCfg = Debug|x64
		{33156A2C-CFA8-36FD-8A1F-07F69A8A5ACA}.Debug|x64.Build.0 = Debug|x64
		{33156A2C-CFA8-36FD-8A1F-07F69A8A5ACA}.Release|x64.ActiveCfg = Release|x64
		{33156A2C-CFA8-36FD-8A1F-07F69A8A5ACA}.Release|x64.Build.0 = Release|x64
		{33156A2C-CFA8-36FD-8A1F-07F69A8A5ACA}.MinSizeRel|x64.ActiveCfg = MinSizeRel|x64
		{33156A2C-CFA8-36FD-8A1F-07F69A8A5ACA}.MinSizeRel|x64.Build.0 = MinSizeRel|x64
		{33156A2C-CFA8-36FD-8A1F-07F69A8A5ACA}.RelWithDebInfo|x64.ActiveCfg = RelWithDebInfo|x64
		{33156A2C-CFA8-36FD-8A1F-07F69A8A5ACA}.RelWithDebInfo|x64.Build.0 = RelWithDebInfo|x64
		{C76E50BA-9BAC-335B-8EFB-67DE20118A22}.Debug|x64.ActiveCfg = Debug|x64
		{C76E50BA-9BAC-335B-8EFB-67DE20118A22}.Release|x64.ActiveCfg = Release|x64
		{C76E50BA-9BAC-335B-8EFB-67DE20118A22}.MinSizeRel|x64.ActiveCfg = MinSizeRel|x64
		{C76E50BA-9BAC-335B-8EFB-67DE20118A22}.RelWithDebInfo|x64.ActiveCfg = RelWithDebInfo|x64
		{503E27E2-A1F8-39B6-A381-DCC2C3146B0D}.Debug|x64.ActiveCfg = Debug|x64
		{503E27E2-A1F8-39B6-A381-DCC2C3146B0D}.Debug|x64.Build.0 = Debug|x64
		{503E27E2-A1F8-39B6-A381-DCC2C3146B0D}.Release|x64.ActiveCfg = Release|x64
		{503E27E2-A1F8-39B6-A381-DCC2C3146B0D}.Release|x64.Build.0 = Release|x64
		{503E27E2-A1F8-39B6-A381-DCC2C3146B0D}.MinSizeRel|x64.ActiveCfg = MinSizeRel|x64
		{503E27E2-A1F8-39B6-A381-DCC2C3146B0D}.MinSizeRel|x64.Build.0 = MinSizeRel|x64
		{503E27E2-A1F8-39B6-A381-DCC2C3146B0D}.RelWithDebInfo|x64.ActiveCfg = RelWithDebInfo|x64
		{503E27E2-A1F8-39B6-A381-DCC2C3146B0D}.RelWithDebInfo|x64.Build.0 = RelWithDebInfo|x64
		{4A0009C8-DDEB-3B23-9A80-D5D308027FB6}.Debug|x64.ActiveCfg = Debug|x64
		{4A0009C8-DDEB-3B23-9A80-D5D308027FB6}.Debug|x64.Build.0 = Debug|x64
		{4A0009C8-DDEB-3B23-9A80-D5D308027FB6}.Release|x64.ActiveCfg = Release|x64
		{4A0009C8-DDEB-3B23-9A80-D5D308027FB6}.Release|x64.Build.0 = Release|x64
		{4A0009C8-DDEB-3B23-9A80-D5D308027FB6}.MinSizeRel|x64.ActiveCfg = MinSizeRel|x64
		{4A0009C8-DDEB-3B23-9A80-D5D308027FB6}.MinSizeRel|x64.Build.0 = MinSizeRel|x64
		{4A0009C8-DDEB-3B23-9A80-D5D308027FB6}.RelWithDebInfo|x64.ActiveCfg = RelWithDebInfo|x64
		{4A0009C8-DDEB-3B23-9A80-D5D308027FB6}.RelWithDebInfo|x64.Build.0 = RelWithDebInfo|x64
		{57189A26-6358-3CE7-B821-F6BC630F006D}.Debug|x64.ActiveCfg = Debug|x64
		{57189A26-6358-3CE7-B821-F6BC630F006D}.Debug|x64.Build.0 = Debug|x64
		{57189A26-6358-3CE7-B821-F6BC630F006D}.Release|x64.ActiveCfg = Release|x64
		{57189A26-6358-3CE7-B821-F6BC630F006D}.Release|x64.Build.0 = Release|x64
		{57189A26-6358-3CE7-B821-F6BC630F006D}.MinSizeRel|x64.ActiveCfg = MinSizeRel|x64
		{57189A26-6358-3CE7-B821-F6BC630F006D}.MinSizeRel|x64.Build.0 = MinSizeRel|x64
		{57189A26-6358-3CE7-B821-F6BC630F006D}.RelWithDebInfo|x64.ActiveCfg = RelWithDebInfo|x64
		{57189A26-6358-3CE7-B821-F6BC630F006D}.RelWithDebInfo|x64.Build.0 = RelWithDebInfo|x64
		{A9088AFE-35C9-33B6-9CD5-645682AC7450}.Debug|x64.ActiveCfg = Debug|x64
		{A9088AFE-35C9-33B6-9CD5-645682AC7450}.Debug|x64.Build.0 = Debug|x64
		{A9088AFE-35C9-33B6-9CD5-645682AC7450}.Release|x64.ActiveCfg = Release|x64
		{A9088AFE-35C9-33B6-9CD5-645682AC7450}.Release|x64.Build.0 = Release|x64
		{A9088AFE-35C9-33B6-9CD5-645682AC7450}.MinSizeRel|x64.ActiveCfg = MinSizeRel|x64
		{A9088AFE-35C9-33B6-9CD5-645682AC7450}.MinSizeRel|x64.Build.0 = MinSizeRel|x64
		{A9088AFE-35C9-33B6-9CD5-645682AC7450}.RelWithDebInfo|x64.ActiveCfg = RelWithDebInfo|x64
		{A9088AFE-35C9-33B6-9CD5-645682AC7450}.RelWithDebInfo|x64.Build.0 = RelWithDebInfo|x64
		{F0D6F96B-85D9-3693-93D8-79580C65BD7B}.Debug|x64.ActiveCfg = Debug|x64
		{F0D6F96B-85D9-3693-93D8-79580C65BD7B}.Debug|x64.Build.0 = Debug|x64
		{F0D6F96B-85D9-3693-93D8-79580C65BD7B}.Release|x64.ActiveCfg = Release|x64
		{F0D6F96B-85D9-3693-93D8-79580C65BD7B}.Release|x64.Build.0 = Release|x64
		{F0D6F96B-85D9-3693-93D8-79580C65BD7B}.MinSizeRel|x64.ActiveCfg = MinSizeRel|x64
		{F0D6F96B-85D9-3693-93D8-79580C65BD7B}.MinSizeRel|x64.Build.0 = MinSizeRel|x64
		{F0D6F96B-85D9-3693-93D8-79580C65BD7B}.RelWithDebInfo|x64.ActiveCfg = RelWithDebInfo|x64
		{F0D6F96B-85D9-3693-93D8-79580C65BD7B}.RelWithDebInfo|x64.Build.0 = RelWithDebInfo|x64
		{3A257486-2245-363E-97F6-75FC34987882}.Debug|x64.ActiveCfg = Debug|x64
		{3A257486-2245-363E-97F6-75FC34987882}.Debug|x64.Build.0 = Debug|x64
		{3A257486-2245-363E-97F6-75FC34987882}.Release|x64.ActiveCfg = Release|x64
		{3A257486-2245-363E-97F6-75FC34987882}.Release|x64.Build.0 = Release|x64
		{3A257486-2245-363E-97F6-75FC34987882}.MinSizeRel|x64.ActiveCfg = MinSizeRel|x64
		{3A257486-2245-363E-97F6-75FC34987882}.MinSizeRel|x64.Build.0 = MinSizeRel|x64
		{3A257486-2245-363E-97F6-75FC34987882}.RelWithDebInfo|x64.ActiveCfg = RelWithDebInfo|x64
		{3A257486-2245-363E-97F6-75FC34987882}.RelWithDebInfo|x64.Build.0 = RelWithDebInfo|x64
		{A94900E0-8250-3B0B-889A-FBACFC06E2E5}.Debug|x64.ActiveCfg = Debug|x64
		{A94900E0-8250-3B0B-889A-FBACFC06E2E5}.Release|x64.ActiveCfg = Release|x64
		{A94900E0-8250-3B0B-889A-FBACFC06E2E5}.MinSizeRel|x64.ActiveCfg = MinSizeRel|x64
		{A94900E0-8250-3B0B-889A-FBACFC06E2E5}.RelWithDebInfo|x64.ActiveCfg = RelWithDebInfo|x64
		{58A0DF59-82B8-36E9-B32D-C6024832F2C0}.Debug|x64.ActiveCfg = Debug|x64
		{58A0DF59-82B8-36E9-B32D-C6024832F2C0}.Debug|x64.Build.0 = Debug|x64
		{58A0DF59-82B8-36E9-B32D-C6024832F2C0}.Release|x64.ActiveCfg = Release|x64
		{58A0DF59-82B8-36E9-B32D-C6024832F2C0}.Release|x64.Build.0 = Release|x64
		{58A0DF59-82B8-36E9-B32D-C6024832F2C0}.MinSizeRel|x64.ActiveCfg = MinSizeRel|x64
		{58A0DF59-82B8-36E9-B32D-C6024832F2C0}.MinSizeRel|x64.Build.0 = MinSizeRel|x64
		{58A0DF59-82B8-36E9-B32D-C6024832F2C0}.RelWithDebInfo|x64.ActiveCfg = RelWithDebInfo|x64
		{58A0DF59-82B8-36E9-B32D-C6024832F2C0}.RelWithDebInfo|x64.Build.0 = RelWithDebInfo|x64
		{38FEEDE6-F230-343D-87C6-48FEC3A9B1F3}.Debug|x64.ActiveCfg = Debug|x64
		{38FEEDE6-F230-343D-87C6-48FEC3A9B1F3}.Release|x64.ActiveCfg = Release|x64
		{38FEEDE6-F230-343D-87C6-48FEC3A9B1F3}.MinSizeRel|x64.ActiveCfg = MinSizeRel|x64
		{38FEEDE6-F230-343D-87C6-48FEC3A9B1F3}.RelWithDebInfo|x64.ActiveCfg = RelWithDebInfo|x64
		{BF18496E-5926-3247-8635-BD429242AA15}.Debug|x64.ActiveCfg = Debug|x64
		{BF18496E-5926-3247-8635-BD429242AA15}.Debug|x64.Build.0 = Debug|x64
		{BF18496E-5926-3247-8635-BD429242AA15}.Release|x64.ActiveCfg = Release|x64
		{BF18496E-5926-3247-8635-BD429242AA15}.Release|x64.Build.0 = Release|x64
		{BF18496E-5926-3247-8635-BD429242AA15}.MinSizeRel|x64.ActiveCfg = MinSizeRel|x64
		{BF18496E-5926-3247-8635-BD429242AA15}.MinSizeRel|x64.Build.0 = MinSizeRel|x64
		{BF18496E-5926-3247-8635-BD429242AA15}.RelWithDebInfo|x64.ActiveCfg = RelWithDebInfo|x64
		{BF18496E-5926-3247-8635-BD429242AA15}.RelWithDebInfo|x64.Build.0 = RelWithDebInfo|x64
		{CD9E90B5-8C77-3AEB-B172-4580B5B45EE9}.Debug|x64.ActiveCfg = Debug|x64
		{CD9E90B5-8C77-3AEB-B172-4580B5B45EE9}.Debug|x64.Build.0 = Debug|x64
		{CD9E90B5-8C77-3AEB-B172-4580B5B45EE9}.Release|x64.ActiveCfg = Release|x64
		{CD9E90B5-8C77-3AEB-B172-4580B5B45EE9}.Release|x64.Build.0 = Release|x64
		{CD9E90B5-8C77-3AEB-B172-4580B5B45EE9}.MinSizeRel|x64.ActiveCfg = MinSizeRel|x64
		{CD9E90B5-8C77-3AEB-B172-4580B5B45EE9}.MinSizeRel|x64.Build.0 = MinSizeRel|x64
		{CD9E90B5-8C77-3AEB-B172-4580B5B45EE9}.RelWithDebInfo|x64.ActiveCfg = RelWithDebInfo|x64
		{CD9E90B5-8C77-3AEB-B172-4580B5B45EE9}.RelWithDebInfo|x64.Build.0 = RelWithDebInfo|x64
	EndGlobalSection
	GlobalSection(NestedProjects) = preSolution
		{33156A2C-CFA8-36FD-8A1F-07F69A8A5ACA} = {4D281DDA-CF79-3336-8387-E60000FB4173}
		{C76E50BA-9BAC-335B-8EFB-67DE20118A22} = {4D281DDA-CF79-3336-8387-E60000FB4173}
		{503E27E2-A1F8-39B6-A381-DCC2C3146B0D} = {4D281DDA-CF79-3336-8387-E60000FB4173}
	EndGlobalSection
	GlobalSection(ExtensibilityGlobals) = postSolution
		SolutionGuid = {1C60F968-1FD3-3D7D-9B3E-0BAE286B2AB8}
	EndGlobalSection
	GlobalSection(ExtensibilityAddIns) = postSolution
	EndGlobalSection
EndGlobal
