<?xml version="1.0" encoding="utf-8"?>
<Project ToolsVersion="15.0" xmlns="http://schemas.microsoft.com/developer/msbuild/2003">
  <ItemGroup>
    <ClCompile Include="C:\Users\wkdgn\Desktop\Study\Projects\Artistic Simulation Of Curly Hair\Hair simulation\Hair simulation(GPU)\ext\nanovg\src\nanovg.c">
      <Filter>Source Files</Filter>
    </ClCompile>
    <ClCompile Include="C:\Users\wkdgn\Desktop\Study\Projects\Artistic Simulation Of Curly Hair\Hair simulation\Hair simulation(GPU)\ext\glad\src\glad.c">
      <Filter>Source Files</Filter>
    </ClCompile>
    <ClCompile Include="C:\Users\wkdgn\Desktop\Study\Projects\Artistic Simulation Of Curly Hair\Hair simulation\Hair simulation(GPU)\nanogui_resources.cpp">
      <Filter>Source Files</Filter>
    </ClCompile>
    <ClCompile Include="C:\Users\wkdgn\Desktop\Study\Projects\Artistic Simulation Of Curly Hair\Hair simulation\Hair simulation(GPU)\src\glutil.cpp">
      <Filter>Source Files</Filter>
    </ClCompile>
    <ClCompile Include="C:\Users\wkdgn\Desktop\Study\Projects\Artistic Simulation Of Curly Hair\Hair simulation\Hair simulation(GPU)\src\common.cpp">
      <Filter>Source Files</Filter>
    </ClCompile>
    <ClCompile Include="C:\Users\wkdgn\Desktop\Study\Projects\Artistic Simulation Of Curly Hair\Hair simulation\Hair simulation(GPU)\src\widget.cpp">
      <Filter>Source Files</Filter>
    </ClCompile>
    <ClCompile Include="C:\Users\wkdgn\Desktop\Study\Projects\Artistic Simulation Of Curly Hair\Hair simulation\Hair simulation(GPU)\src\theme.cpp">
      <Filter>Source Files</Filter>
    </ClCompile>
    <ClCompile Include="C:\Users\wkdgn\Desktop\Study\Projects\Artistic Simulation Of Curly Hair\Hair simulation\Hair simulation(GPU)\src\layout.cpp">
      <Filter>Source Files</Filter>
    </ClCompile>
    <ClCompile Include="C:\Users\wkdgn\Desktop\Study\Projects\Artistic Simulation Of Curly Hair\Hair simulation\Hair simulation(GPU)\src\screen.cpp">
      <Filter>Source Files</Filter>
    </ClCompile>
    <ClCompile Include="C:\Users\wkdgn\Desktop\Study\Projects\Artistic Simulation Of Curly Hair\Hair simulation\Hair simulation(GPU)\src\label.cpp">
      <Filter>Source Files</Filter>
    </ClCompile>
    <ClCompile Include="C:\Users\wkdgn\Desktop\Study\Projects\Artistic Simulation Of Curly Hair\Hair simulation\Hair simulation(GPU)\src\window.cpp">
      <Filter>Source Files</Filter>
    </ClCompile>
    <ClCompile Include="C:\Users\wkdgn\Desktop\Study\Projects\Artistic Simulation Of Curly Hair\Hair simulation\Hair simulation(GPU)\src\popup.cpp">
      <Filter>Source Files</Filter>
    </ClCompile>
    <ClCompile Include="C:\Users\wkdgn\Desktop\Study\Projects\Artistic Simulation Of Curly Hair\Hair simulation\Hair simulation(GPU)\src\checkbox.cpp">
      <Filter>Source Files</Filter>
    </ClCompile>
    <ClCompile Include="C:\Users\wkdgn\Desktop\Study\Projects\Artistic Simulation Of Curly Hair\Hair simulation\Hair simulation(GPU)\src\button.cpp">
      <Filter>Source Files</Filter>
    </ClCompile>
    <ClCompile Include="C:\Users\wkdgn\Desktop\Study\Projects\Artistic Simulation Of Curly Hair\Hair simulation\Hair simulation(GPU)\src\popupbutton.cpp">
      <Filter>Source Files</Filter>
    </ClCompile>
    <ClCompile Include="C:\Users\wkdgn\Desktop\Study\Projects\Artistic Simulation Of Curly Hair\Hair simulation\Hair simulation(GPU)\src\combobox.cpp">
      <Filter>Source Files</Filter>
    </ClCompile>
    <ClCompile Include="C:\Users\wkdgn\Desktop\Study\Projects\Artistic Simulation Of Curly Hair\Hair simulation\Hair simulation(GPU)\src\progressbar.cpp">
      <Filter>Source Files</Filter>
    </ClCompile>
    <ClCompile Include="C:\Users\wkdgn\Desktop\Study\Projects\Artistic Simulation Of Curly Hair\Hair simulation\Hair simulation(GPU)\src\slider.cpp">
      <Filter>Source Files</Filter>
    </ClCompile>
    <ClCompile Include="C:\Users\wkdgn\Desktop\Study\Projects\Artistic Simulation Of Curly Hair\Hair simulation\Hair simulation(GPU)\src\messagedialog.cpp">
      <Filter>Source Files</Filter>
    </ClCompile>
    <ClCompile Include="C:\Users\wkdgn\Desktop\Study\Projects\Artistic Simulation Of Curly Hair\Hair simulation\Hair simulation(GPU)\src\textbox.cpp">
      <Filter>Source Files</Filter>
    </ClCompile>
    <ClCompile Include="C:\Users\wkdgn\Desktop\Study\Projects\Artistic Simulation Of Curly Hair\Hair simulation\Hair simulation(GPU)\src\imagepanel.cpp">
      <Filter>Source Files</Filter>
    </ClCompile>
    <ClCompile Include="C:\Users\wkdgn\Desktop\Study\Projects\Artistic Simulation Of Curly Hair\Hair simulation\Hair simulation(GPU)\src\imageview.cpp">
      <Filter>Source Files</Filter>
    </ClCompile>
    <ClCompile Include="C:\Users\wkdgn\Desktop\Study\Projects\Artistic Simulation Of Curly Hair\Hair simulation\Hair simulation(GPU)\src\vscrollpanel.cpp">
      <Filter>Source Files</Filter>
    </ClCompile>
    <ClCompile Include="C:\Users\wkdgn\Desktop\Study\Projects\Artistic Simulation Of Curly Hair\Hair simulation\Hair simulation(GPU)\src\colorwheel.cpp">
      <Filter>Source Files</Filter>
    </ClCompile>
    <ClCompile Include="C:\Users\wkdgn\Desktop\Study\Projects\Artistic Simulation Of Curly Hair\Hair simulation\Hair simulation(GPU)\src\colorpicker.cpp">
      <Filter>Source Files</Filter>
    </ClCompile>
    <ClCompile Include="C:\Users\wkdgn\Desktop\Study\Projects\Artistic Simulation Of Curly Hair\Hair simulation\Hair simulation(GPU)\src\graph.cpp">
      <Filter>Source Files</Filter>
    </ClCompile>
    <ClCompile Include="C:\Users\wkdgn\Desktop\Study\Projects\Artistic Simulation Of Curly Hair\Hair simulation\Hair simulation(GPU)\src\stackedwidget.cpp">
      <Filter>Source Files</Filter>
    </ClCompile>
    <ClCompile Include="C:\Users\wkdgn\Desktop\Study\Projects\Artistic Simulation Of Curly Hair\Hair simulation\Hair simulation(GPU)\src\tabheader.cpp">
      <Filter>Source Files</Filter>
    </ClCompile>
    <ClCompile Include="C:\Users\wkdgn\Desktop\Study\Projects\Artistic Simulation Of Curly Hair\Hair simulation\Hair simulation(GPU)\src\tabwidget.cpp">
      <Filter>Source Files</Filter>
    </ClCompile>
    <ClCompile Include="C:\Users\wkdgn\Desktop\Study\Projects\Artistic Simulation Of Curly Hair\Hair simulation\Hair simulation(GPU)\src\glcanvas.cpp">
      <Filter>Source Files</Filter>
    </ClCompile>
    <ClCompile Include="C:\Users\wkdgn\Desktop\Study\Projects\Artistic Simulation Of Curly Hair\Hair simulation\Hair simulation(GPU)\src\serializer.cpp">
      <Filter>Source Files</Filter>
    </ClCompile>
  </ItemGroup>
  <ItemGroup>
    <ClInclude Include="C:\Users\wkdgn\Desktop\Study\Projects\Artistic Simulation Of Curly Hair\Hair simulation\Hair simulation(GPU)\ext\glad\include\glad\glad.h">
      <Filter>Header Files</Filter>
    </ClInclude>
    <ClInclude Include="C:\Users\wkdgn\Desktop\Study\Projects\Artistic Simulation Of Curly Hair\Hair simulation\Hair simulation(GPU)\ext\glad\include\KHR\khrplatform.h">
      <Filter>Header Files</Filter>
    </ClInclude>
    <ClInclude Include="C:\Users\wkdgn\Desktop\Study\Projects\Artistic Simulation Of Curly Hair\Hair simulation\Hair simulation(GPU)\include\nanogui\glutil.h">
      <Filter>Header Files</Filter>
    </ClInclude>
    <ClInclude Include="C:\Users\wkdgn\Desktop\Study\Projects\Artistic Simulation Of Curly Hair\Hair simulation\Hair simulation(GPU)\include\nanogui\common.h">
      <Filter>Header Files</Filter>
    </ClInclude>
    <ClInclude Include="C:\Users\wkdgn\Desktop\Study\Projects\Artistic Simulation Of Curly Hair\Hair simulation\Hair simulation(GPU)\include\nanogui\widget.h">
      <Filter>Header Files</Filter>
    </ClInclude>
    <ClInclude Include="C:\Users\wkdgn\Desktop\Study\Projects\Artistic Simulation Of Curly Hair\Hair simulation\Hair simulation(GPU)\include\nanogui\theme.h">
      <Filter>Header Files</Filter>
    </ClInclude>
    <ClInclude Include="C:\Users\wkdgn\Desktop\Study\Projects\Artistic Simulation Of Curly Hair\Hair simulation\Hair simulation(GPU)\include\nanogui\layout.h">
      <Filter>Header Files</Filter>
    </ClInclude>
    <ClInclude Include="C:\Users\wkdgn\Desktop\Study\Projects\Artistic Simulation Of Curly Hair\Hair simulation\Hair simulation(GPU)\include\nanogui\screen.h">
      <Filter>Header Files</Filter>
    </ClInclude>
    <ClInclude Include="C:\Users\wkdgn\Desktop\Study\Projects\Artistic Simulation Of Curly Hair\Hair simulation\Hair simulation(GPU)\include\nanogui\label.h">
      <Filter>Header Files</Filter>
    </ClInclude>
    <ClInclude Include="C:\Users\wkdgn\Desktop\Study\Projects\Artistic Simulation Of Curly Hair\Hair simulation\Hair simulation(GPU)\include\nanogui\window.h">
      <Filter>Header Files</Filter>
    </ClInclude>
    <ClInclude Include="C:\Users\wkdgn\Desktop\Study\Projects\Artistic Simulation Of Curly Hair\Hair simulation\Hair simulation(GPU)\include\nanogui\popup.h">
      <Filter>Header Files</Filter>
    </ClInclude>
    <ClInclude Include="C:\Users\wkdgn\Desktop\Study\Projects\Artistic Simulation Of Curly Hair\Hair simulation\Hair simulation(GPU)\include\nanogui\checkbox.h">
      <Filter>Header Files</Filter>
    </ClInclude>
    <ClInclude Include="C:\Users\wkdgn\Desktop\Study\Projects\Artistic Simulation Of Curly Hair\Hair simulation\Hair simulation(GPU)\include\nanogui\button.h">
      <Filter>Header Files</Filter>
    </ClInclude>
    <ClInclude Include="C:\Users\wkdgn\Desktop\Study\Projects\Artistic Simulation Of Curly Hair\Hair simulation\Hair simulation(GPU)\include\nanogui\popupbutton.h">
      <Filter>Header Files</Filter>
    </ClInclude>
    <ClInclude Include="C:\Users\wkdgn\Desktop\Study\Projects\Artistic Simulation Of Curly Hair\Hair simulation\Hair simulation(GPU)\include\nanogui\combobox.h">
      <Filter>Header Files</Filter>
    </ClInclude>
    <ClInclude Include="C:\Users\wkdgn\Desktop\Study\Projects\Artistic Simulation Of Curly Hair\Hair simulation\Hair simulation(GPU)\include\nanogui\progressbar.h">
      <Filter>Header Files</Filter>
    </ClInclude>
    <ClInclude Include="C:\Users\wkdgn\Desktop\Study\Projects\Artistic Simulation Of Curly Hair\Hair simulation\Hair simulation(GPU)\include\nanogui\slider.h">
      <Filter>Header Files</Filter>
    </ClInclude>
    <ClInclude Include="C:\Users\wkdgn\Desktop\Study\Projects\Artistic Simulation Of Curly Hair\Hair simulation\Hair simulation(GPU)\include\nanogui\messagedialog.h">
      <Filter>Header Files</Filter>
    </ClInclude>
    <ClInclude Include="C:\Users\wkdgn\Desktop\Study\Projects\Artistic Simulation Of Curly Hair\Hair simulation\Hair simulation(GPU)\include\nanogui\textbox.h">
      <Filter>Header Files</Filter>
    </ClInclude>
    <ClInclude Include="C:\Users\wkdgn\Desktop\Study\Projects\Artistic Simulation Of Curly Hair\Hair simulation\Hair simulation(GPU)\include\nanogui\imagepanel.h">
      <Filter>Header Files</Filter>
    </ClInclude>
    <ClInclude Include="C:\Users\wkdgn\Desktop\Study\Projects\Artistic Simulation Of Curly Hair\Hair simulation\Hair simulation(GPU)\include\nanogui\imageview.h">
      <Filter>Header Files</Filter>
    </ClInclude>
    <ClInclude Include="C:\Users\wkdgn\Desktop\Study\Projects\Artistic Simulation Of Curly Hair\Hair simulation\Hair simulation(GPU)\include\nanogui\vscrollpanel.h">
      <Filter>Header Files</Filter>
    </ClInclude>
    <ClInclude Include="C:\Users\wkdgn\Desktop\Study\Projects\Artistic Simulation Of Curly Hair\Hair simulation\Hair simulation(GPU)\include\nanogui\colorwheel.h">
      <Filter>Header Files</Filter>
    </ClInclude>
    <ClInclude Include="C:\Users\wkdgn\Desktop\Study\Projects\Artistic Simulation Of Curly Hair\Hair simulation\Hair simulation(GPU)\include\nanogui\colorpicker.h">
      <Filter>Header Files</Filter>
    </ClInclude>
    <ClInclude Include="C:\Users\wkdgn\Desktop\Study\Projects\Artistic Simulation Of Curly Hair\Hair simulation\Hair simulation(GPU)\include\nanogui\graph.h">
      <Filter>Header Files</Filter>
    </ClInclude>
    <ClInclude Include="C:\Users\wkdgn\Desktop\Study\Projects\Artistic Simulation Of Curly Hair\Hair simulation\Hair simulation(GPU)\include\nanogui\stackedwidget.h">
      <Filter>Header Files</Filter>
    </ClInclude>
    <ClInclude Include="C:\Users\wkdgn\Desktop\Study\Projects\Artistic Simulation Of Curly Hair\Hair simulation\Hair simulation(GPU)\include\nanogui\tabheader.h">
      <Filter>Header Files</Filter>
    </ClInclude>
    <ClInclude Include="C:\Users\wkdgn\Desktop\Study\Projects\Artistic Simulation Of Curly Hair\Hair simulation\Hair simulation(GPU)\include\nanogui\tabwidget.h">
      <Filter>Header Files</Filter>
    </ClInclude>
    <ClInclude Include="C:\Users\wkdgn\Desktop\Study\Projects\Artistic Simulation Of Curly Hair\Hair simulation\Hair simulation(GPU)\include\nanogui\glcanvas.h">
      <Filter>Header Files</Filter>
    </ClInclude>
    <ClInclude Include="C:\Users\wkdgn\Desktop\Study\Projects\Artistic Simulation Of Curly Hair\Hair simulation\Hair simulation(GPU)\include\nanogui\formhelper.h">
      <Filter>Header Files</Filter>
    </ClInclude>
    <ClInclude Include="C:\Users\wkdgn\Desktop\Study\Projects\Artistic Simulation Of Curly Hair\Hair simulation\Hair simulation(GPU)\include\nanogui\toolbutton.h">
      <Filter>Header Files</Filter>
    </ClInclude>
    <ClInclude Include="C:\Users\wkdgn\Desktop\Study\Projects\Artistic Simulation Of Curly Hair\Hair simulation\Hair simulation(GPU)\include\nanogui\opengl.h">
      <Filter>Header Files</Filter>
    </ClInclude>
    <ClInclude Include="C:\Users\wkdgn\Desktop\Study\Projects\Artistic Simulation Of Curly Hair\Hair simulation\Hair simulation(GPU)\include\nanogui\nanogui.h">
      <Filter>Header Files</Filter>
    </ClInclude>
    <ClInclude Include="C:\Users\wkdgn\Desktop\Study\Projects\Artistic Simulation Of Curly Hair\Hair simulation\Hair simulation(GPU)\include\nanogui\serializer\core.h">
      <Filter>Header Files</Filter>
    </ClInclude>
    <ClInclude Include="C:\Users\wkdgn\Desktop\Study\Projects\Artistic Simulation Of Curly Hair\Hair simulation\Hair simulation(GPU)\include\nanogui\serializer\opengl.h">
      <Filter>Header Files</Filter>
    </ClInclude>
    <ClInclude Include="C:\Users\wkdgn\Desktop\Study\Projects\Artistic Simulation Of Curly Hair\Hair simulation\Hair simulation(GPU)\include\nanogui\serializer\sparse.h">
      <Filter>Header Files</Filter>
    </ClInclude>
  </ItemGroup>
  <ItemGroup>
    <CustomBuild Include="C:\Users\wkdgn\Desktop\Study\Projects\Artistic Simulation Of Curly Hair\Hair simulation\Hair simulation(GPU)\CMakeFiles\27e62873e266b0b746f4b99592a1ac35\nanogui_resources.cpp.rule">
      <Filter>CMake Rules</Filter>
    </CustomBuild>
    <CustomBuild Include="C:\Users\wkdgn\Desktop\Study\Projects\Artistic Simulation Of Curly Hair\Hair simulation\Hair simulation(GPU)\CMakeLists.txt" />
  </ItemGroup>
  <ItemGroup>
    <Filter Include="CMake Rules">
      <UniqueIdentifier>{9916B837-0B84-33DA-B657-9C89DFCD1201}</UniqueIdentifier>
    </Filter>
    <Filter Include="Header Files">
      <UniqueIdentifier>{17014EBB-E7AD-3689-81EB-C8AE430FD6F6}</UniqueIdentifier>
    </Filter>
    <Filter Include="Source Files">
      <UniqueIdentifier>{C955F15F-2AE4-3189-88B5-8D9A34AA238D}</UniqueIdentifier>
    </Filter>
  </ItemGroup>
</Project>
